// !$*UTF8*$!
{
	archiveVersion = 1;
	classes = {
	};
	objectVersion = 56;
	objects = {

/* Begin PBXBuildFile section */
		39579D7E2C6C472D00C2DF81 /* SwiftUIBasicExApp.swift in Sources */ = {isa = PBXBuildFile; fileRef = 39579D7D2C6C472D00C2DF81 /* SwiftUIBasicExApp.swift */; };
		39579D802C6C472D00C2DF81 /* ContentView.swift in Sources */ = {isa = PBXBuildFile; fileRef = 39579D7F2C6C472D00C2DF81 /* ContentView.swift */; };
		39579D822C6C472D00C2DF81 /* Item.swift in Sources */ = {isa = PBXBuildFile; fileRef = 39579D812C6C472D00C2DF81 /* Item.swift */; };
		39579D842C6C472E00C2DF81 /* Assets.xcassets in Resources */ = {isa = PBXBuildFile; fileRef = 39579D832C6C472E00C2DF81 /* Assets.xcassets */; };
		39579D872C6C472E00C2DF81 /* Preview Assets.xcassets in Resources */ = {isa = PBXBuildFile; fileRef = 39579D862C6C472E00C2DF81 /* Preview Assets.xcassets */; };
		39579D912C6C472E00C2DF81 /* SwiftUIBasicExTests.swift in Sources */ = {isa = PBXBuildFile; fileRef = 39579D902C6C472E00C2DF81 /* SwiftUIBasicExTests.swift */; };
		39579D9B2C6C472F00C2DF81 /* SwiftUIBasicExUITests.swift in Sources */ = {isa = PBXBuildFile; fileRef = 39579D9A2C6C472F00C2DF81 /* SwiftUIBasicExUITests.swift */; };
		39579D9D2C6C472F00C2DF81 /* SwiftUIBasicExUITestsLaunchTests.swift in Sources */ = {isa = PBXBuildFile; fileRef = 39579D9C2C6C472F00C2DF81 /* SwiftUIBasicExUITestsLaunchTests.swift */; };
		39579DAF2C6C475F00C2DF81 /* ObservableObjectAndStateObject.swift in Sources */ = {isa = PBXBuildFile; fileRef = 39579DA92C6C475F00C2DF81 /* ObservableObjectAndStateObject.swift */; };
		39579DB02C6C475F00C2DF81 /* HomeView.swift in Sources */ = {isa = PBXBuildFile; fileRef = 39579DAB2C6C475F00C2DF81 /* HomeView.swift */; };
		39579DB12C6C475F00C2DF81 /* MoreView.swift in Sources */ = {isa = PBXBuildFile; fileRef = 39579DAC2C6C475F00C2DF81 /* MoreView.swift */; };
		39579DB22C6C475F00C2DF81 /* StudyView.swift in Sources */ = {isa = PBXBuildFile; fileRef = 39579DAD2C6C475F00C2DF81 /* StudyView.swift */; };
		39579DD12C6C486E00C2DF81 /* Pretendard-Black.otf in Resources */ = {isa = PBXBuildFile; fileRef = 39579DC72C6C486E00C2DF81 /* Pretendard-Black.otf */; };
		39579DD22C6C486E00C2DF81 /* Pretendard-Bold.otf in Resources */ = {isa = PBXBuildFile; fileRef = 39579DC82C6C486E00C2DF81 /* Pretendard-Bold.otf */; };
		39579DD32C6C486E00C2DF81 /* Pretendard-ExtraBold.otf in Resources */ = {isa = PBXBuildFile; fileRef = 39579DC92C6C486E00C2DF81 /* Pretendard-ExtraBold.otf */; };
		39579DD42C6C486E00C2DF81 /* Pretendard-ExtraLight.otf in Resources */ = {isa = PBXBuildFile; fileRef = 39579DCA2C6C486E00C2DF81 /* Pretendard-ExtraLight.otf */; };
		39579DD52C6C486E00C2DF81 /* Pretendard-Light.otf in Resources */ = {isa = PBXBuildFile; fileRef = 39579DCB2C6C486E00C2DF81 /* Pretendard-Light.otf */; };
		39579DD62C6C486E00C2DF81 /* Pretendard-Medium.otf in Resources */ = {isa = PBXBuildFile; fileRef = 39579DCC2C6C486E00C2DF81 /* Pretendard-Medium.otf */; };
		39579DD72C6C486E00C2DF81 /* Pretendard-Regular.otf in Resources */ = {isa = PBXBuildFile; fileRef = 39579DCD2C6C486E00C2DF81 /* Pretendard-Regular.otf */; };
		39579DD82C6C486E00C2DF81 /* Pretendard-SemiBold.otf in Resources */ = {isa = PBXBuildFile; fileRef = 39579DCE2C6C486E00C2DF81 /* Pretendard-SemiBold.otf */; };
		39579DD92C6C486E00C2DF81 /* Pretendard-Thin.otf in Resources */ = {isa = PBXBuildFile; fileRef = 39579DCF2C6C486E00C2DF81 /* Pretendard-Thin.otf */; };
		39579DDD2C6C493500C2DF81 /* Font+Ext.swift in Sources */ = {isa = PBXBuildFile; fileRef = 39579DDC2C6C493500C2DF81 /* Font+Ext.swift */; };
		39579DE02C6C4E2400C2DF81 /* MainTitleBarView.swift in Sources */ = {isa = PBXBuildFile; fileRef = 39579DDF2C6C4E2400C2DF81 /* MainTitleBarView.swift */; };
		39EC2B9E2C6C7B3300EC43CB /* TabViewType.swift in Sources */ = {isa = PBXBuildFile; fileRef = 39EC2B9D2C6C7B3300EC43CB /* TabViewType.swift */; };
		39EC2BA02C6C896500EC43CB /* PresentView.swift in Sources */ = {isa = PBXBuildFile; fileRef = 39EC2B9F2C6C896500EC43CB /* PresentView.swift */; };
/* End PBXBuildFile section */

/* Begin PBXContainerItemProxy section */
		39579D8D2C6C472E00C2DF81 /* PBXContainerItemProxy */ = {
			isa = PBXContainerItemProxy;
			containerPortal = 39579D722C6C472D00C2DF81 /* Project object */;
			proxyType = 1;
			remoteGlobalIDString = 39579D792C6C472D00C2DF81;
			remoteInfo = SwiftUIBasicEx;
		};
		39579D972C6C472F00C2DF81 /* PBXContainerItemProxy */ = {
			isa = PBXContainerItemProxy;
			containerPortal = 39579D722C6C472D00C2DF81 /* Project object */;
			proxyType = 1;
			remoteGlobalIDString = 39579D792C6C472D00C2DF81;
			remoteInfo = SwiftUIBasicEx;
		};
/* End PBXContainerItemProxy section */

/* Begin PBXFileReference section */
		39579D7A2C6C472D00C2DF81 /* SwiftUIBasicEx.app */ = {isa = PBXFileReference; explicitFileType = wrapper.application; includeInIndex = 0; path = SwiftUIBasicEx.app; sourceTree = BUILT_PRODUCTS_DIR; };
		39579D7D2C6C472D00C2DF81 /* SwiftUIBasicExApp.swift */ = {isa = PBXFileReference; lastKnownFileType = sourcecode.swift; path = SwiftUIBasicExApp.swift; sourceTree = "<group>"; };
		39579D7F2C6C472D00C2DF81 /* ContentView.swift */ = {isa = PBXFileReference; lastKnownFileType = sourcecode.swift; path = ContentView.swift; sourceTree = "<group>"; };
		39579D812C6C472D00C2DF81 /* Item.swift */ = {isa = PBXFileReference; lastKnownFileType = sourcecode.swift; path = Item.swift; sourceTree = "<group>"; };
		39579D832C6C472E00C2DF81 /* Assets.xcassets */ = {isa = PBXFileReference; lastKnownFileType = folder.assetcatalog; path = Assets.xcassets; sourceTree = "<group>"; };
		39579D862C6C472E00C2DF81 /* Preview Assets.xcassets */ = {isa = PBXFileReference; lastKnownFileType = folder.assetcatalog; path = "Preview Assets.xcassets"; sourceTree = "<group>"; };
		39579D8C2C6C472E00C2DF81 /* SwiftUIBasicExTests.xctest */ = {isa = PBXFileReference; explicitFileType = wrapper.cfbundle; includeInIndex = 0; path = SwiftUIBasicExTests.xctest; sourceTree = BUILT_PRODUCTS_DIR; };
		39579D902C6C472E00C2DF81 /* SwiftUIBasicExTests.swift */ = {isa = PBXFileReference; lastKnownFileType = sourcecode.swift; path = SwiftUIBasicExTests.swift; sourceTree = "<group>"; };
		39579D962C6C472F00C2DF81 /* SwiftUIBasicExUITests.xctest */ = {isa = PBXFileReference; explicitFileType = wrapper.cfbundle; includeInIndex = 0; path = SwiftUIBasicExUITests.xctest; sourceTree = BUILT_PRODUCTS_DIR; };
		39579D9A2C6C472F00C2DF81 /* SwiftUIBasicExUITests.swift */ = {isa = PBXFileReference; lastKnownFileType = sourcecode.swift; path = SwiftUIBasicExUITests.swift; sourceTree = "<group>"; };
		39579D9C2C6C472F00C2DF81 /* SwiftUIBasicExUITestsLaunchTests.swift */ = {isa = PBXFileReference; lastKnownFileType = sourcecode.swift; path = SwiftUIBasicExUITestsLaunchTests.swift; sourceTree = "<group>"; };
		39579DA92C6C475F00C2DF81 /* ObservableObjectAndStateObject.swift */ = {isa = PBXFileReference; fileEncoding = 4; lastKnownFileType = sourcecode.swift; path = ObservableObjectAndStateObject.swift; sourceTree = "<group>"; };
		39579DAB2C6C475F00C2DF81 /* HomeView.swift */ = {isa = PBXFileReference; fileEncoding = 4; lastKnownFileType = sourcecode.swift; path = HomeView.swift; sourceTree = "<group>"; };
		39579DAC2C6C475F00C2DF81 /* MoreView.swift */ = {isa = PBXFileReference; fileEncoding = 4; lastKnownFileType = sourcecode.swift; path = MoreView.swift; sourceTree = "<group>"; };
		39579DAD2C6C475F00C2DF81 /* StudyView.swift */ = {isa = PBXFileReference; fileEncoding = 4; lastKnownFileType = sourcecode.swift; path = StudyView.swift; sourceTree = "<group>"; };
		39579DC72C6C486E00C2DF81 /* Pretendard-Black.otf */ = {isa = PBXFileReference; lastKnownFileType = file; path = "Pretendard-Black.otf"; sourceTree = "<group>"; };
		39579DC82C6C486E00C2DF81 /* Pretendard-Bold.otf */ = {isa = PBXFileReference; lastKnownFileType = file; path = "Pretendard-Bold.otf"; sourceTree = "<group>"; };
		39579DC92C6C486E00C2DF81 /* Pretendard-ExtraBold.otf */ = {isa = PBXFileReference; lastKnownFileType = file; path = "Pretendard-ExtraBold.otf"; sourceTree = "<group>"; };
		39579DCA2C6C486E00C2DF81 /* Pretendard-ExtraLight.otf */ = {isa = PBXFileReference; lastKnownFileType = file; path = "Pretendard-ExtraLight.otf"; sourceTree = "<group>"; };
		39579DCB2C6C486E00C2DF81 /* Pretendard-Light.otf */ = {isa = PBXFileReference; lastKnownFileType = file; path = "Pretendard-Light.otf"; sourceTree = "<group>"; };
		39579DCC2C6C486E00C2DF81 /* Pretendard-Medium.otf */ = {isa = PBXFileReference; lastKnownFileType = file; path = "Pretendard-Medium.otf"; sourceTree = "<group>"; };
		39579DCD2C6C486E00C2DF81 /* Pretendard-Regular.otf */ = {isa = PBXFileReference; lastKnownFileType = file; path = "Pretendard-Regular.otf"; sourceTree = "<group>"; };
		39579DCE2C6C486E00C2DF81 /* Pretendard-SemiBold.otf */ = {isa = PBXFileReference; lastKnownFileType = file; path = "Pretendard-SemiBold.otf"; sourceTree = "<group>"; };
		39579DCF2C6C486E00C2DF81 /* Pretendard-Thin.otf */ = {isa = PBXFileReference; lastKnownFileType = file; path = "Pretendard-Thin.otf"; sourceTree = "<group>"; };
		39579DDA2C6C48BD00C2DF81 /* Info.plist */ = {isa = PBXFileReference; lastKnownFileType = text.plist; path = Info.plist; sourceTree = "<group>"; };
		39579DDC2C6C493500C2DF81 /* Font+Ext.swift */ = {isa = PBXFileReference; lastKnownFileType = sourcecode.swift; path = "Font+Ext.swift"; sourceTree = "<group>"; };
		39579DDF2C6C4E2400C2DF81 /* MainTitleBarView.swift */ = {isa = PBXFileReference; lastKnownFileType = sourcecode.swift; path = MainTitleBarView.swift; sourceTree = "<group>"; };
		39EC2B9D2C6C7B3300EC43CB /* TabViewType.swift */ = {isa = PBXFileReference; lastKnownFileType = sourcecode.swift; path = TabViewType.swift; sourceTree = "<group>"; };
		39EC2B9F2C6C896500EC43CB /* PresentView.swift */ = {isa = PBXFileReference; lastKnownFileType = sourcecode.swift; path = PresentView.swift; sourceTree = "<group>"; };
/* End PBXFileReference section */

/* Begin PBXFrameworksBuildPhase section */
		39579D772C6C472D00C2DF81 /* Frameworks */ = {
			isa = PBXFrameworksBuildPhase;
			buildActionMask = 2147483647;
			files = (
			);
			runOnlyForDeploymentPostprocessing = 0;
		};
		39579D892C6C472E00C2DF81 /* Frameworks */ = {
			isa = PBXFrameworksBuildPhase;
			buildActionMask = 2147483647;
			files = (
			);
			runOnlyForDeploymentPostprocessing = 0;
		};
		39579D932C6C472F00C2DF81 /* Frameworks */ = {
			isa = PBXFrameworksBuildPhase;
			buildActionMask = 2147483647;
			files = (
			);
			runOnlyForDeploymentPostprocessing = 0;
		};
/* End PBXFrameworksBuildPhase section */

/* Begin PBXGroup section */
		39579D712C6C472D00C2DF81 = {
			isa = PBXGroup;
			children = (
				39579D7C2C6C472D00C2DF81 /* SwiftUIBasicEx */,
				39579D8F2C6C472E00C2DF81 /* SwiftUIBasicExTests */,
				39579D992C6C472F00C2DF81 /* SwiftUIBasicExUITests */,
				39579D7B2C6C472D00C2DF81 /* Products */,
			);
			sourceTree = "<group>";
		};
		39579D7B2C6C472D00C2DF81 /* Products */ = {
			isa = PBXGroup;
			children = (
				39579D7A2C6C472D00C2DF81 /* SwiftUIBasicEx.app */,
				39579D8C2C6C472E00C2DF81 /* SwiftUIBasicExTests.xctest */,
				39579D962C6C472F00C2DF81 /* SwiftUIBasicExUITests.xctest */,
			);
			name = Products;
			sourceTree = "<group>";
		};
		39579D7C2C6C472D00C2DF81 /* SwiftUIBasicEx */ = {
			isa = PBXGroup;
			children = (
				39579DDB2C6C492E00C2DF81 /* Extension */,
				39579DDA2C6C48BD00C2DF81 /* Info.plist */,
				39579D7D2C6C472D00C2DF81 /* SwiftUIBasicExApp.swift */,
				39579D7F2C6C472D00C2DF81 /* ContentView.swift */,
				39579DAA2C6C475F00C2DF81 /* Study */,
				39579DAE2C6C475F00C2DF81 /* View */,
				39579D812C6C472D00C2DF81 /* Item.swift */,
				39EC2B9C2C6C7B2500EC43CB /* Enum */,
				39579DDE2C6C4E0C00C2DF81 /* Custom */,
				39579DB32C6C484800C2DF81 /* Resources */,
				39579D852C6C472E00C2DF81 /* Preview Content */,
			);
			path = SwiftUIBasicEx;
			sourceTree = "<group>";
		};
		39579D852C6C472E00C2DF81 /* Preview Content */ = {
			isa = PBXGroup;
			children = (
				39579D862C6C472E00C2DF81 /* Preview Assets.xcassets */,
			);
			path = "Preview Content";
			sourceTree = "<group>";
		};
		39579D8F2C6C472E00C2DF81 /* SwiftUIBasicExTests */ = {
			isa = PBXGroup;
			children = (
				39579D902C6C472E00C2DF81 /* SwiftUIBasicExTests.swift */,
			);
			path = SwiftUIBasicExTests;
			sourceTree = "<group>";
		};
		39579D992C6C472F00C2DF81 /* SwiftUIBasicExUITests */ = {
			isa = PBXGroup;
			children = (
				39579D9A2C6C472F00C2DF81 /* SwiftUIBasicExUITests.swift */,
				39579D9C2C6C472F00C2DF81 /* SwiftUIBasicExUITestsLaunchTests.swift */,
			);
			path = SwiftUIBasicExUITests;
			sourceTree = "<group>";
		};
		39579DAA2C6C475F00C2DF81 /* Study */ = {
			isa = PBXGroup;
			children = (
				39579DA92C6C475F00C2DF81 /* ObservableObjectAndStateObject.swift */,
				39EC2B9F2C6C896500EC43CB /* PresentView.swift */,
			);
			path = Study;
			sourceTree = "<group>";
		};
		39579DAE2C6C475F00C2DF81 /* View */ = {
			isa = PBXGroup;
			children = (
				39579DAB2C6C475F00C2DF81 /* HomeView.swift */,
				39579DAD2C6C475F00C2DF81 /* StudyView.swift */,
				39579DAC2C6C475F00C2DF81 /* MoreView.swift */,
			);
			path = View;
			sourceTree = "<group>";
		};
		39579DB32C6C484800C2DF81 /* Resources */ = {
			isa = PBXGroup;
			children = (
				39579DD02C6C486E00C2DF81 /* Fonts */,
				39579D832C6C472E00C2DF81 /* Assets.xcassets */,
			);
			path = Resources;
			sourceTree = "<group>";
		};
		39579DD02C6C486E00C2DF81 /* Fonts */ = {
			isa = PBXGroup;
			children = (
				39579DC72C6C486E00C2DF81 /* Pretendard-Black.otf */,
				39579DC82C6C486E00C2DF81 /* Pretendard-Bold.otf */,
				39579DC92C6C486E00C2DF81 /* Pretendard-ExtraBold.otf */,
				39579DCA2C6C486E00C2DF81 /* Pretendard-ExtraLight.otf */,
				39579DCB2C6C486E00C2DF81 /* Pretendard-Light.otf */,
				39579DCC2C6C486E00C2DF81 /* Pretendard-Medium.otf */,
				39579DCD2C6C486E00C2DF81 /* Pretendard-Regular.otf */,
				39579DCE2C6C486E00C2DF81 /* Pretendard-SemiBold.otf */,
				39579DCF2C6C486E00C2DF81 /* Pretendard-Thin.otf */,
			);
			name = Fonts;
			path = ../../../../HashTag/HashTag/HashTag/Resources/Fonts;
			sourceTree = "<group>";
		};
		39579DDB2C6C492E00C2DF81 /* Extension */ = {
			isa = PBXGroup;
			children = (
				39579DDC2C6C493500C2DF81 /* Font+Ext.swift */,
			);
			path = Extension;
			sourceTree = "<group>";
		};
		39579DDE2C6C4E0C00C2DF81 /* Custom */ = {
			isa = PBXGroup;
			children = (
				39579DDF2C6C4E2400C2DF81 /* MainTitleBarView.swift */,
			);
			path = Custom;
			sourceTree = "<group>";
		};
		39EC2B9C2C6C7B2500EC43CB /* Enum */ = {
			isa = PBXGroup;
			children = (
				39EC2B9D2C6C7B3300EC43CB /* TabViewType.swift */,
			);
			path = Enum;
			sourceTree = "<group>";
		};
/* End PBXGroup section */

/* Begin PBXNativeTarget section */
		39579D792C6C472D00C2DF81 /* SwiftUIBasicEx */ = {
			isa = PBXNativeTarget;
			buildConfigurationList = 39579DA02C6C472F00C2DF81 /* Build configuration list for PBXNativeTarget "SwiftUIBasicEx" */;
			buildPhases = (
				39579D762C6C472D00C2DF81 /* Sources */,
				39579D772C6C472D00C2DF81 /* Frameworks */,
				39579D782C6C472D00C2DF81 /* Resources */,
			);
			buildRules = (
			);
			dependencies = (
			);
			name = SwiftUIBasicEx;
			productName = SwiftUIBasicEx;
			productReference = 39579D7A2C6C472D00C2DF81 /* SwiftUIBasicEx.app */;
			productType = "com.apple.product-type.application";
		};
		39579D8B2C6C472E00C2DF81 /* SwiftUIBasicExTests */ = {
			isa = PBXNativeTarget;
			buildConfigurationList = 39579DA32C6C472F00C2DF81 /* Build configuration list for PBXNativeTarget "SwiftUIBasicExTests" */;
			buildPhases = (
				39579D882C6C472E00C2DF81 /* Sources */,
				39579D892C6C472E00C2DF81 /* Frameworks */,
				39579D8A2C6C472E00C2DF81 /* Resources */,
			);
			buildRules = (
			);
			dependencies = (
				39579D8E2C6C472E00C2DF81 /* PBXTargetDependency */,
			);
			name = SwiftUIBasicExTests;
			productName = SwiftUIBasicExTests;
			productReference = 39579D8C2C6C472E00C2DF81 /* SwiftUIBasicExTests.xctest */;
			productType = "com.apple.product-type.bundle.unit-test";
		};
		39579D952C6C472F00C2DF81 /* SwiftUIBasicExUITests */ = {
			isa = PBXNativeTarget;
			buildConfigurationList = 39579DA62C6C472F00C2DF81 /* Build configuration list for PBXNativeTarget "SwiftUIBasicExUITests" */;
			buildPhases = (
				39579D922C6C472F00C2DF81 /* Sources */,
				39579D932C6C472F00C2DF81 /* Frameworks */,
				39579D942C6C472F00C2DF81 /* Resources */,
			);
			buildRules = (
			);
			dependencies = (
				39579D982C6C472F00C2DF81 /* PBXTargetDependency */,
			);
			name = SwiftUIBasicExUITests;
			productName = SwiftUIBasicExUITests;
			productReference = 39579D962C6C472F00C2DF81 /* SwiftUIBasicExUITests.xctest */;
			productType = "com.apple.product-type.bundle.ui-testing";
		};
/* End PBXNativeTarget section */

/* Begin PBXProject section */
		39579D722C6C472D00C2DF81 /* Project object */ = {
			isa = PBXProject;
			attributes = {
				BuildIndependentTargetsInParallel = 1;
				LastSwiftUpdateCheck = 1540;
				LastUpgradeCheck = 1540;
				TargetAttributes = {
					39579D792C6C472D00C2DF81 = {
						CreatedOnToolsVersion = 15.4;
					};
					39579D8B2C6C472E00C2DF81 = {
						CreatedOnToolsVersion = 15.4;
						TestTargetID = 39579D792C6C472D00C2DF81;
					};
					39579D952C6C472F00C2DF81 = {
						CreatedOnToolsVersion = 15.4;
						TestTargetID = 39579D792C6C472D00C2DF81;
					};
				};
			};
			buildConfigurationList = 39579D752C6C472D00C2DF81 /* Build configuration list for PBXProject "SwiftUIBasicEx" */;
			compatibilityVersion = "Xcode 14.0";
			developmentRegion = en;
			hasScannedForEncodings = 0;
			knownRegions = (
				en,
				Base,
			);
			mainGroup = 39579D712C6C472D00C2DF81;
			productRefGroup = 39579D7B2C6C472D00C2DF81 /* Products */;
			projectDirPath = "";
			projectRoot = "";
			targets = (
				39579D792C6C472D00C2DF81 /* SwiftUIBasicEx */,
				39579D8B2C6C472E00C2DF81 /* SwiftUIBasicExTests */,
				39579D952C6C472F00C2DF81 /* SwiftUIBasicExUITests */,
			);
		};
/* End PBXProject section */

/* Begin PBXResourcesBuildPhase section */
		39579D782C6C472D00C2DF81 /* Resources */ = {
			isa = PBXResourcesBuildPhase;
			buildActionMask = 2147483647;
			files = (
				39579DD42C6C486E00C2DF81 /* Pretendard-ExtraLight.otf in Resources */,
				39579D872C6C472E00C2DF81 /* Preview Assets.xcassets in Resources */,
				39579DD22C6C486E00C2DF81 /* Pretendard-Bold.otf in Resources */,
				39579DD62C6C486E00C2DF81 /* Pretendard-Medium.otf in Resources */,
				39579DD72C6C486E00C2DF81 /* Pretendard-Regular.otf in Resources */,
				39579DD32C6C486E00C2DF81 /* Pretendard-ExtraBold.otf in Resources */,
				39579DD52C6C486E00C2DF81 /* Pretendard-Light.otf in Resources */,
				39579DD82C6C486E00C2DF81 /* Pretendard-SemiBold.otf in Resources */,
				39579DD12C6C486E00C2DF81 /* Pretendard-Black.otf in Resources */,
				39579DD92C6C486E00C2DF81 /* Pretendard-Thin.otf in Resources */,
				39579D842C6C472E00C2DF81 /* Assets.xcassets in Resources */,
			);
			runOnlyForDeploymentPostprocessing = 0;
		};
		39579D8A2C6C472E00C2DF81 /* Resources */ = {
			isa = PBXResourcesBuildPhase;
			buildActionMask = 2147483647;
			files = (
			);
			runOnlyForDeploymentPostprocessing = 0;
		};
		39579D942C6C472F00C2DF81 /* Resources */ = {
			isa = PBXResourcesBuildPhase;
			buildActionMask = 2147483647;
			files = (
			);
			runOnlyForDeploymentPostprocessing = 0;
		};
/* End PBXResourcesBuildPhase section */

/* Begin PBXSourcesBuildPhase section */
		39579D762C6C472D00C2DF81 /* Sources */ = {
			isa = PBXSourcesBuildPhase;
			buildActionMask = 2147483647;
			files = (
				39579DB22C6C475F00C2DF81 /* StudyView.swift in Sources */,
				39579D802C6C472D00C2DF81 /* ContentView.swift in Sources */,
				39579DE02C6C4E2400C2DF81 /* MainTitleBarView.swift in Sources */,
				39579DB12C6C475F00C2DF81 /* MoreView.swift in Sources */,
				39579D822C6C472D00C2DF81 /* Item.swift in Sources */,
				39579DDD2C6C493500C2DF81 /* Font+Ext.swift in Sources */,
				39579DAF2C6C475F00C2DF81 /* ObservableObjectAndStateObject.swift in Sources */,
				39EC2BA02C6C896500EC43CB /* PresentView.swift in Sources */,
				39EC2B9E2C6C7B3300EC43CB /* TabViewType.swift in Sources */,
				39579DB02C6C475F00C2DF81 /* HomeView.swift in Sources */,
				39579D7E2C6C472D00C2DF81 /* SwiftUIBasicExApp.swift in Sources */,
			);
			runOnlyForDeploymentPostprocessing = 0;
		};
		39579D882C6C472E00C2DF81 /* Sources */ = {
			isa = PBXSourcesBuildPhase;
			buildActionMask = 2147483647;
			files = (
				39579D912C6C472E00C2DF81 /* SwiftUIBasicExTests.swift in Sources */,
			);
			runOnlyForDeploymentPostprocessing = 0;
		};
		39579D922C6C472F00C2DF81 /* Sources */ = {
			isa = PBXSourcesBuildPhase;
			buildActionMask = 2147483647;
			files = (
				39579D9D2C6C472F00C2DF81 /* SwiftUIBasicExUITestsLaunchTests.swift in Sources */,
				39579D9B2C6C472F00C2DF81 /* SwiftUIBasicExUITests.swift in Sources */,
			);
			runOnlyForDeploymentPostprocessing = 0;
		};
/* End PBXSourcesBuildPhase section */

/* Begin PBXTargetDependency section */
		39579D8E2C6C472E00C2DF81 /* PBXTargetDependency */ = {
			isa = PBXTargetDependency;
			target = 39579D792C6C472D00C2DF81 /* SwiftUIBasicEx */;
			targetProxy = 39579D8D2C6C472E00C2DF81 /* PBXContainerItemProxy */;
		};
		39579D982C6C472F00C2DF81 /* PBXTargetDependency */ = {
			isa = PBXTargetDependency;
			target = 39579D792C6C472D00C2DF81 /* SwiftUIBasicEx */;
			targetProxy = 39579D972C6C472F00C2DF81 /* PBXContainerItemProxy */;
		};
/* End PBXTargetDependency section */

/* Begin XCBuildConfiguration section */
		39579D9E2C6C472F00C2DF81 /* Debug */ = {
			isa = XCBuildConfiguration;
			buildSettings = {
				ALWAYS_SEARCH_USER_PATHS = NO;
				ASSETCATALOG_COMPILER_GENERATE_SWIFT_ASSET_SYMBOL_EXTENSIONS = YES;
				CLANG_ANALYZER_NONNULL = YES;
				CLANG_ANALYZER_NUMBER_OBJECT_CONVERSION = YES_AGGRESSIVE;
				CLANG_CXX_LANGUAGE_STANDARD = "gnu++20";
				CLANG_ENABLE_MODULES = YES;
				CLANG_ENABLE_OBJC_ARC = YES;
				CLANG_ENABLE_OBJC_WEAK = YES;
				CLANG_WARN_BLOCK_CAPTURE_AUTORELEASING = YES;
				CLANG_WARN_BOOL_CONVERSION = YES;
				CLANG_WARN_COMMA = YES;
				CLANG_WARN_CONSTANT_CONVERSION = YES;
				CLANG_WARN_DEPRECATED_OBJC_IMPLEMENTATIONS = YES;
				CLANG_WARN_DIRECT_OBJC_ISA_USAGE = YES_ERROR;
				CLANG_WARN_DOCUMENTATION_COMMENTS = YES;
				CLANG_WARN_EMPTY_BODY = YES;
				CLANG_WARN_ENUM_CONVERSION = YES;
				CLANG_WARN_INFINITE_RECURSION = YES;
				CLANG_WARN_INT_CONVERSION = YES;
				CLANG_WARN_NON_LITERAL_NULL_CONVERSION = YES;
				CLANG_WARN_OBJC_IMPLICIT_RETAIN_SELF = YES;
				CLANG_WARN_OBJC_LITERAL_CONVERSION = YES;
				CLANG_WARN_OBJC_ROOT_CLASS = YES_ERROR;
				CLANG_WARN_QUOTED_INCLUDE_IN_FRAMEWORK_HEADER = YES;
				CLANG_WARN_RANGE_LOOP_ANALYSIS = YES;
				CLANG_WARN_STRICT_PROTOTYPES = YES;
				CLANG_WARN_SUSPICIOUS_MOVE = YES;
				CLANG_WARN_UNGUARDED_AVAILABILITY = YES_AGGRESSIVE;
				CLANG_WARN_UNREACHABLE_CODE = YES;
				CLANG_WARN__DUPLICATE_METHOD_MATCH = YES;
				COPY_PHASE_STRIP = NO;
				DEBUG_INFORMATION_FORMAT = dwarf;
				ENABLE_STRICT_OBJC_MSGSEND = YES;
				ENABLE_TESTABILITY = YES;
				ENABLE_USER_SCRIPT_SANDBOXING = YES;
				GCC_C_LANGUAGE_STANDARD = gnu17;
				GCC_DYNAMIC_NO_PIC = NO;
				GCC_NO_COMMON_BLOCKS = YES;
				GCC_OPTIMIZATION_LEVEL = 0;
				GCC_PREPROCESSOR_DEFINITIONS = (
					"DEBUG=1",
					"$(inherited)",
				);
				GCC_WARN_64_TO_32_BIT_CONVERSION = YES;
				GCC_WARN_ABOUT_RETURN_TYPE = YES_ERROR;
				GCC_WARN_UNDECLARED_SELECTOR = YES;
				GCC_WARN_UNINITIALIZED_AUTOS = YES_AGGRESSIVE;
				GCC_WARN_UNUSED_FUNCTION = YES;
				GCC_WARN_UNUSED_VARIABLE = YES;
				IPHONEOS_DEPLOYMENT_TARGET = 17.5;
				LOCALIZATION_PREFERS_STRING_CATALOGS = YES;
				MTL_ENABLE_DEBUG_INFO = INCLUDE_SOURCE;
				MTL_FAST_MATH = YES;
				ONLY_ACTIVE_ARCH = YES;
				SDKROOT = iphoneos;
				SWIFT_ACTIVE_COMPILATION_CONDITIONS = "DEBUG $(inherited)";
				SWIFT_OPTIMIZATION_LEVEL = "-Onone";
			};
			name = Debug;
		};
		39579D9F2C6C472F00C2DF81 /* Release */ = {
			isa = XCBuildConfiguration;
			buildSettings = {
				ALWAYS_SEARCH_USER_PATHS = NO;
				ASSETCATALOG_COMPILER_GENERATE_SWIFT_ASSET_SYMBOL_EXTENSIONS = YES;
				CLANG_ANALYZER_NONNULL = YES;
				CLANG_ANALYZER_NUMBER_OBJECT_CONVERSION = YES_AGGRESSIVE;
				CLANG_CXX_LANGUAGE_STANDARD = "gnu++20";
				CLANG_ENABLE_MODULES = YES;
				CLANG_ENABLE_OBJC_ARC = YES;
				CLANG_ENABLE_OBJC_WEAK = YES;
				CLANG_WARN_BLOCK_CAPTURE_AUTORELEASING = YES;
				CLANG_WARN_BOOL_CONVERSION = YES;
				CLANG_WARN_COMMA = YES;
				CLANG_WARN_CONSTANT_CONVERSION = YES;
				CLANG_WARN_DEPRECATED_OBJC_IMPLEMENTATIONS = YES;
				CLANG_WARN_DIRECT_OBJC_ISA_USAGE = YES_ERROR;
				CLANG_WARN_DOCUMENTATION_COMMENTS = YES;
				CLANG_WARN_EMPTY_BODY = YES;
				CLANG_WARN_ENUM_CONVERSION = YES;
				CLANG_WARN_INFINITE_RECURSION = YES;
				CLANG_WARN_INT_CONVERSION = YES;
				CLANG_WARN_NON_LITERAL_NULL_CONVERSION = YES;
				CLANG_WARN_OBJC_IMPLICIT_RETAIN_SELF = YES;
				CLANG_WARN_OBJC_LITERAL_CONVERSION = YES;
				CLANG_WARN_OBJC_ROOT_CLASS = YES_ERROR;
				CLANG_WARN_QUOTED_INCLUDE_IN_FRAMEWORK_HEADER = YES;
				CLANG_WARN_RANGE_LOOP_ANALYSIS = YES;
				CLANG_WARN_STRICT_PROTOTYPES = YES;
				CLANG_WARN_SUSPICIOUS_MOVE = YES;
				CLANG_WARN_UNGUARDED_AVAILABILITY = YES_AGGRESSIVE;
				CLANG_WARN_UNREACHABLE_CODE = YES;
				CLANG_WARN__DUPLICATE_METHOD_MATCH = YES;
				COPY_PHASE_STRIP = NO;
				DEBUG_INFORMATION_FORMAT = "dwarf-with-dsym";
				ENABLE_NS_ASSERTIONS = NO;
				ENABLE_STRICT_OBJC_MSGSEND = YES;
				ENABLE_USER_SCRIPT_SANDBOXING = YES;
				GCC_C_LANGUAGE_STANDARD = gnu17;
				GCC_NO_COMMON_BLOCKS = YES;
				GCC_WARN_64_TO_32_BIT_CONVERSION = YES;
				GCC_WARN_ABOUT_RETURN_TYPE = YES_ERROR;
				GCC_WARN_UNDECLARED_SELECTOR = YES;
				GCC_WARN_UNINITIALIZED_AUTOS = YES_AGGRESSIVE;
				GCC_WARN_UNUSED_FUNCTION = YES;
				GCC_WARN_UNUSED_VARIABLE = YES;
				IPHONEOS_DEPLOYMENT_TARGET = 17.5;
				LOCALIZATION_PREFERS_STRING_CATALOGS = YES;
				MTL_ENABLE_DEBUG_INFO = NO;
				MTL_FAST_MATH = YES;
				SDKROOT = iphoneos;
				SWIFT_COMPILATION_MODE = wholemodule;
				VALIDATE_PRODUCT = YES;
			};
			name = Release;
		};
		39579DA12C6C472F00C2DF81 /* Debug */ = {
			isa = XCBuildConfiguration;
			buildSettings = {
				ASSETCATALOG_COMPILER_APPICON_NAME = AppIcon;
				ASSETCATALOG_COMPILER_GLOBAL_ACCENT_COLOR_NAME = AccentColor;
				CODE_SIGN_STYLE = Automatic;
				CURRENT_PROJECT_VERSION = 1;
				DEVELOPMENT_ASSET_PATHS = "\"SwiftUIBasicEx/Preview Content\"";
				DEVELOPMENT_TEAM = 59NQ3YR32K;
				ENABLE_PREVIEWS = YES;
				GENERATE_INFOPLIST_FILE = YES;
				INFOPLIST_FILE = SwiftUIBasicEx/Info.plist;
				INFOPLIST_KEY_UIApplicationSceneManifest_Generation = YES;
				INFOPLIST_KEY_UIApplicationSupportsIndirectInputEvents = YES;
				INFOPLIST_KEY_UILaunchScreen_Generation = YES;
				INFOPLIST_KEY_UISupportedInterfaceOrientations_iPad = "UIInterfaceOrientationPortrait UIInterfaceOrientationPortraitUpsideDown UIInterfaceOrientationLandscapeLeft UIInterfaceOrientationLandscapeRight";
				INFOPLIST_KEY_UISupportedInterfaceOrientations_iPhone = "UIInterfaceOrientationPortrait UIInterfaceOrientationLandscapeLeft UIInterfaceOrientationLandscapeRight";
				LD_RUNPATH_SEARCH_PATHS = (
					"$(inherited)",
					"@executable_path/Frameworks",
				);
				MARKETING_VERSION = 1.0;
				PRODUCT_BUNDLE_IDENTIFIER = jitaekim.SwiftUIBasicEx;
				PRODUCT_NAME = "$(TARGET_NAME)";
				SWIFT_EMIT_LOC_STRINGS = YES;
				SWIFT_VERSION = 5.0;
				TARGETED_DEVICE_FAMILY = "1,2";
			};
			name = Debug;
		};
		39579DA22C6C472F00C2DF81 /* Release */ = {
			isa = XCBuildConfiguration;
			buildSettings = {
				ASSETCATALOG_COMPILER_APPICON_NAME = AppIcon;
				ASSETCATALOG_COMPILER_GLOBAL_ACCENT_COLOR_NAME = AccentColor;
				CODE_SIGN_STYLE = Automatic;
				CURRENT_PROJECT_VERSION = 1;
				DEVELOPMENT_ASSET_PATHS = "\"SwiftUIBasicEx/Preview Content\"";
				DEVELOPMENT_TEAM = 59NQ3YR32K;
				ENABLE_PREVIEWS = YES;
				GENERATE_INFOPLIST_FILE = YES;
				INFOPLIST_FILE = SwiftUIBasicEx/Info.plist;
				INFOPLIST_KEY_UIApplicationSceneManifest_Generation = YES;
				INFOPLIST_KEY_UIApplicationSupportsIndirectInputEvents = YES;
				INFOPLIST_KEY_UILaunchScreen_Generation = YES;
				INFOPLIST_KEY_UISupportedInterfaceOrientations_iPad = "UIInterfaceOrientationPortrait UIInterfaceOrientationPortraitUpsideDown UIInterfaceOrientationLandscapeLeft UIInterfaceOrientationLandscapeRight";
				INFOPLIST_KEY_UISupportedInterfaceOrientations_iPhone = "UIInterfaceOrientationPortrait UIInterfaceOrientationLandscapeLeft UIInterfaceOrientationLandscapeRight";
				LD_RUNPATH_SEARCH_PATHS = (
					"$(inherited)",
					"@executable_path/Frameworks",
				);
				MARKETING_VERSION = 1.0;
				PRODUCT_BUNDLE_IDENTIFIER = jitaekim.SwiftUIBasicEx;
				PRODUCT_NAME = "$(TARGET_NAME)";
				SWIFT_EMIT_LOC_STRINGS = YES;
				SWIFT_VERSION = 5.0;
				TARGETED_DEVICE_FAMILY = "1,2";
			};
			name = Release;
		};
		39579DA42C6C472F00C2DF81 /* Debug */ = {
			isa = XCBuildConfiguration;
			buildSettings = {
				ALWAYS_EMBED_SWIFT_STANDARD_LIBRARIES = YES;
				BUNDLE_LOADER = "$(TEST_HOST)";
				CODE_SIGN_STYLE = Automatic;
				CURRENT_PROJECT_VERSION = 1;
				DEVELOPMENT_TEAM = 59NQ3YR32K;
				GENERATE_INFOPLIST_FILE = YES;
				IPHONEOS_DEPLOYMENT_TARGET = 17.5;
				MARKETING_VERSION = 1.0;
				PRODUCT_BUNDLE_IDENTIFIER = jitaekim.SwiftUIBasicExTests;
				PRODUCT_NAME = "$(TARGET_NAME)";
				SWIFT_EMIT_LOC_STRINGS = NO;
				SWIFT_VERSION = 5.0;
				TARGETED_DEVICE_FAMILY = "1,2";
				TEST_HOST = "$(BUILT_PRODUCTS_DIR)/SwiftUIBasicEx.app/$(BUNDLE_EXECUTABLE_FOLDER_PATH)/SwiftUIBasicEx";
			};
			name = Debug;
		};
		39579DA52C6C472F00C2DF81 /* Release */ = {
			isa = XCBuildConfiguration;
			buildSettings = {
				ALWAYS_EMBED_SWIFT_STANDARD_LIBRARIES = YES;
				BUNDLE_LOADER = "$(TEST_HOST)";
				CODE_SIGN_STYLE = Automatic;
				CURRENT_PROJECT_VERSION = 1;
				DEVELOPMENT_TEAM = 59NQ3YR32K;
				GENERATE_INFOPLIST_FILE = YES;
				IPHONEOS_DEPLOYMENT_TARGET = 17.5;
				MARKETING_VERSION = 1.0;
				PRODUCT_BUNDLE_IDENTIFIER = jitaekim.SwiftUIBasicExTests;
				PRODUCT_NAME = "$(TARGET_NAME)";
				SWIFT_EMIT_LOC_STRINGS = NO;
				SWIFT_VERSION = 5.0;
				TARGETED_DEVICE_FAMILY = "1,2";
				TEST_HOST = "$(BUILT_PRODUCTS_DIR)/SwiftUIBasicEx.app/$(BUNDLE_EXECUTABLE_FOLDER_PATH)/SwiftUIBasicEx";
			};
			name = Release;
		};
		39579DA72C6C472F00C2DF81 /* Debug */ = {
			isa = XCBuildConfiguration;
			buildSettings = {
				ALWAYS_EMBED_SWIFT_STANDARD_LIBRARIES = YES;
				CODE_SIGN_STYLE = Automatic;
				CURRENT_PROJECT_VERSION = 1;
				DEVELOPMENT_TEAM = 59NQ3YR32K;
				GENERATE_INFOPLIST_FILE = YES;
				MARKETING_VERSION = 1.0;
				PRODUCT_BUNDLE_IDENTIFIER = jitaekim.SwiftUIBasicExUITests;
				PRODUCT_NAME = "$(TARGET_NAME)";
				SWIFT_EMIT_LOC_STRINGS = NO;
				SWIFT_VERSION = 5.0;
				TARGETED_DEVICE_FAMILY = "1,2";
				TEST_TARGET_NAME = SwiftUIBasicEx;
			};
			name = Debug;
		};
		39579DA82C6C472F00C2DF81 /* Release */ = {
			isa = XCBuildConfiguration;
			buildSettings = {
				ALWAYS_EMBED_SWIFT_STANDARD_LIBRARIES = YES;
				CODE_SIGN_STYLE = Automatic;
				CURRENT_PROJECT_VERSION = 1;
				DEVELOPMENT_TEAM = 59NQ3YR32K;
				GENERATE_INFOPLIST_FILE = YES;
				MARKETING_VERSION = 1.0;
				PRODUCT_BUNDLE_IDENTIFIER = jitaekim.SwiftUIBasicExUITests;
				PRODUCT_NAME = "$(TARGET_NAME)";
				SWIFT_EMIT_LOC_STRINGS = NO;
				SWIFT_VERSION = 5.0;
				TARGETED_DEVICE_FAMILY = "1,2";
				TEST_TARGET_NAME = SwiftUIBasicEx;
			};
			name = Release;
		};
/* End XCBuildConfiguration section */

/* Begin XCConfigurationList section */
		39579D752C6C472D00C2DF81 /* Build configuration list for PBXProject "SwiftUIBasicEx" */ = {
			isa = XCConfigurationList;
			buildConfigurations = (
				39579D9E2C6C472F00C2DF81 /* Debug */,
				39579D9F2C6C472F00C2DF81 /* Release */,
			);
			defaultConfigurationIsVisible = 0;
			defaultConfigurationName = Release;
		};
		39579DA02C6C472F00C2DF81 /* Build configuration list for PBXNativeTarget "SwiftUIBasicEx" */ = {
			isa = XCConfigurationList;
			buildConfigurations = (
				39579DA12C6C472F00C2DF81 /* Debug */,
				39579DA22C6C472F00C2DF81 /* Release */,
			);
			defaultConfigurationIsVisible = 0;
			defaultConfigurationName = Release;
		};
		39579DA32C6C472F00C2DF81 /* Build configuration list for PBXNativeTarget "SwiftUIBasicExTests" */ = {
			isa = XCConfigurationList;
			buildConfigurations = (
				39579DA42C6C472F00C2DF81 /* Debug */,
				39579DA52C6C472F00C2DF81 /* Release */,
			);
			defaultConfigurationIsVisible = 0;
			defaultConfigurationName = Release;
		};
		39579DA62C6C472F00C2DF81 /* Build configuration list for PBXNativeTarget "SwiftUIBasicExUITests" */ = {
			isa = XCConfigurationList;
			buildConfigurations = (
				39579DA72C6C472F00C2DF81 /* Debug */,
				39579DA82C6C472F00C2DF81 /* Release */,
			);
			defaultConfigurationIsVisible = 0;
			defaultConfigurationName = Release;
		};
/* End XCConfigurationList section */
	};
	rootObject = 39579D722C6C472D00C2DF81 /* Project object */;
}
